{
  "requires": true,
  "lockfileVersion": 1,
  "dependencies": {
    "jsplumb": {
      "version": "2.15.5",
      "resolved": "https://registry.npmjs.org/jsplumb/-/jsplumb-2.15.5.tgz",
      "integrity": "sha512-yFaePzsFaAEsSb5s5e+JVRuunI9tS7mhjVg/A/CimYHEjVWVpbWfeFXz/xkW1Xq02Iblu8vnADObxuMs1IWOEw=="
    }
  }
}
